
Microsoft Visual Studio Solution File, Format Version 12.00
# Visual Studio Version 17
VisualStudioVersion = 17.2.32630.192
MinimumVisualStudioVersion = 10.0.40219.1
Project("{FAE04EC0-301F-11D3-BF4B-00C04F79EFBC}") = "JwtTokenService", "JwtTokenService\JwtTokenService.csproj", "{C0BB8F39-7EC5-4B52-9174-AB89F4B23899}"
EndProject
Global
	GlobalSection(SolutionConfigurationPlatforms) = preSolution
		Debug|Any CPU = Debug|Any CPU
		Release|Any CPU = Release|Any CPU
	EndGlobalSection
	GlobalSection(ProjectConfigurationPlatforms) = postSolution
		{C0BB8F39-7EC5-4B52-9174-AB89F4B23899}.Debug|Any CPU.ActiveCfg = Debug|Any CPU
		{C0BB8F39-7EC5-4B52-9174-AB89F4B23899}.Debug|Any CPU.Build.0 = Debug|Any CPU
		{C0BB8F39-7EC5-4B52-9174-AB89F4B23899}.Release|Any CPU.ActiveCfg = Release|Any CPU
		{C0BB8F39-7EC5-4B52-9174-AB89F4B23899}.Release|Any CPU.Build.0 = Release|Any CPU
	EndGlobalSection
	GlobalSection(SolutionProperties) = preSolution
		HideSolutionNode = FALSE
	EndGlobalSection
	GlobalSection(ExtensibilityGlobals) = postSolution
		SolutionGuid = {25D9DF7D-D401-4715-BA84-BD4A1CDC7360}
	EndGlobalSection
EndGlobal
